{
            "name": "laravel/ui",
            "version": "v2.0.3",
            "source": {
                "type": "git",
                "url": "https://github.com/laravel/ui.git",
                "reference": "15368c5328efb7ce94f35ca750acde9b496ab1b1"
            },
            "dist": {
                "type": "zip",
                "url": "https://api.github.com/repos/laravel/ui/zipball/15368c5328efb7ce94f35ca750acde9b496ab1b1",
                "reference": "15368c5328efb7ce94f35ca750acde9b496ab1b1",
                "shasum": ""
            },
